
Microsoft Visual Studio Solution File, Format Version 12.00
# Visual Studio Version 16
VisualStudioVersion = 16.0.29411.108
MinimumVisualStudioVersion = 10.0.40219.1
Project("{9A19103F-16F7-4668-BE54-9A1E7A4F7556}") = "mof.api", "mof.api\mof.api.csproj", "{E1EACD51-729F-43FE-922D-15CC241FEF51}"
EndProject
Project("{9A19103F-16F7-4668-BE54-9A1E7A4F7556}") = "mof.ServiceModels", "mof.ServiceModel\mof.ServiceModels.csproj", "{BBEBF458-B588-4332-B86A-81DF456811D0}"
EndProject
Project("{9A19103F-16F7-4668-BE54-9A1E7A4F7556}") = "mof.DataModels", "mof.DataModels\mof.DataModels.csproj", "{366C5B65-7F1B-48C5-9505-0E9DBA9E18F6}"
EndProject
Project("{9A19103F-16F7-4668-BE54-9A1E7A4F7556}") = "JavaScriptClient", "JavaScriptClient\JavaScriptClient.csproj", "{90199EF9-753E-44C2-8643-2870D1A19187}"
EndProject
Project("{9A19103F-16F7-4668-BE54-9A1E7A4F7556}") = "IdentityServer", "IdentityServer\IdentityServer.csproj", "{E939ED73-7839-4625-816D-16325089F134}"
EndProject
Project("{9A19103F-16F7-4668-BE54-9A1E7A4F7556}") = "mof.IServices", "mof.IServices\mof.IServices.csproj", "{15A1BA29-1A8E-423F-874F-337F19F78269}"
EndProject
Project("{9A19103F-16F7-4668-BE54-9A1E7A4F7556}") = "mof.Services", "mof.Services\mof.Services.csproj", "{AA1AA135-D36E-48B0-89A8-82108BAD5FA3}"
EndProject
Project("{2150E333-8FDC-42A3-9474-1A3956D46DE8}") = "Skoruba", "Skoruba", "{886277F5-40E4-4C81-BBFD-C63EC305AD8A}"
EndProject
Project("{9A19103F-16F7-4668-BE54-9A1E7A4F7556}") = "Skoruba.IdentityServer4.STS.Identity", "Skoruba\Skoruba.IdentityServer4.STS.Identity\Skoruba.IdentityServer4.STS.Identity.csproj", "{A7FC5772-6843-4FBF-9DC9-FDF6B03DE3B4}"
EndProject
Project("{9A19103F-16F7-4668-BE54-9A1E7A4F7556}") = "Skoruba.IdentityServer4.Admin.EntityFramework", "Skoruba\Skoruba.IdentityServer4.Admin.EntityFramework\Skoruba.IdentityServer4.Admin.EntityFramework.csproj", "{EAD8340C-3FB9-43D0-B4A4-8A5CA29FC740}"
EndProject
Project("{9A19103F-16F7-4668-BE54-9A1E7A4F7556}") = "Skoruba.IdentityServer4.Admin.EntityFramework.DbContexts", "Skoruba\Skoruba.IdentityServer4.Admin.EntityFramework.DbContexts\Skoruba.IdentityServer4.Admin.EntityFramework.DbContexts.csproj", "{48B728B8-DAFF-4BE7-9833-27DF0571118F}"
EndProject
Project("{9A19103F-16F7-4668-BE54-9A1E7A4F7556}") = "Skoruba.IdentityServer4.Admin.EntityFramework.Identity", "Skoruba\Skoruba.IdentityServer4.Admin.EntityFramework.Identity\Skoruba.IdentityServer4.Admin.EntityFramework.Identity.csproj", "{24000734-D7DE-49C6-8A6E-C83BBB0B3EF3}"
EndProject
Project("{2150E333-8FDC-42A3-9474-1A3956D46DE8}") = "Solution Items", "Solution Items", "{FBB5E4DE-B472-417B-AFF3-6FE87C45AB2D}"
	ProjectSection(SolutionItems) = preProject
		Message.txt = Message.txt
	EndProjectSection
EndProject
Project("{FAE04EC0-301F-11D3-BF4B-00C04F79EFBC}") = "netframework", "netframework\netframework.csproj", "{58C5C7D6-3EC7-4EAD-A508-659EA78261B4}"
EndProject
Project("{9A19103F-16F7-4668-BE54-9A1E7A4F7556}") = "mof.Resources", "mof.Resources\mof.Resources.csproj", "{62F4F78E-CC04-4B4F-B21D-86D51251A066}"
EndProject
Global
	GlobalSection(SolutionConfigurationPlatforms) = preSolution
		Debug|Any CPU = Debug|Any CPU
		Release|Any CPU = Release|Any CPU
	EndGlobalSection
	GlobalSection(ProjectConfigurationPlatforms) = postSolution
		{E1EACD51-729F-43FE-922D-15CC241FEF51}.Debug|Any CPU.ActiveCfg = Debug|Any CPU
		{E1EACD51-729F-43FE-922D-15CC241FEF51}.Debug|Any CPU.Build.0 = Debug|Any CPU
		{E1EACD51-729F-43FE-922D-15CC241FEF51}.Release|Any CPU.ActiveCfg = Release|Any CPU
		{E1EACD51-729F-43FE-922D-15CC241FEF51}.Release|Any CPU.Build.0 = Release|Any CPU
		{BBEBF458-B588-4332-B86A-81DF456811D0}.Debug|Any CPU.ActiveCfg = Debug|Any CPU
		{BBEBF458-B588-4332-B86A-81DF456811D0}.Debug|Any CPU.Build.0 = Debug|Any CPU
		{BBEBF458-B588-4332-B86A-81DF456811D0}.Release|Any CPU.ActiveCfg = Release|Any CPU
		{BBEBF458-B588-4332-B86A-81DF456811D0}.Release|Any CPU.Build.0 = Release|Any CPU
		{366C5B65-7F1B-48C5-9505-0E9DBA9E18F6}.Debug|Any CPU.ActiveCfg = Debug|Any CPU
		{366C5B65-7F1B-48C5-9505-0E9DBA9E18F6}.Debug|Any CPU.Build.0 = Debug|Any CPU
		{366C5B65-7F1B-48C5-9505-0E9DBA9E18F6}.Release|Any CPU.ActiveCfg = Release|Any CPU
		{366C5B65-7F1B-48C5-9505-0E9DBA9E18F6}.Release|Any CPU.Build.0 = Release|Any CPU
		{90199EF9-753E-44C2-8643-2870D1A19187}.Debug|Any CPU.ActiveCfg = Debug|Any CPU
		{90199EF9-753E-44C2-8643-2870D1A19187}.Debug|Any CPU.Build.0 = Debug|Any CPU
		{90199EF9-753E-44C2-8643-2870D1A19187}.Release|Any CPU.ActiveCfg = Release|Any CPU
		{90199EF9-753E-44C2-8643-2870D1A19187}.Release|Any CPU.Build.0 = Release|Any CPU
		{E939ED73-7839-4625-816D-16325089F134}.Debug|Any CPU.ActiveCfg = Debug|Any CPU
		{E939ED73-7839-4625-816D-16325089F134}.Debug|Any CPU.Build.0 = Debug|Any CPU
		{E939ED73-7839-4625-816D-16325089F134}.Release|Any CPU.ActiveCfg = Release|Any CPU
		{E939ED73-7839-4625-816D-16325089F134}.Release|Any CPU.Build.0 = Release|Any CPU
		{15A1BA29-1A8E-423F-874F-337F19F78269}.Debug|Any CPU.ActiveCfg = Debug|Any CPU
		{15A1BA29-1A8E-423F-874F-337F19F78269}.Debug|Any CPU.Build.0 = Debug|Any CPU
		{15A1BA29-1A8E-423F-874F-337F19F78269}.Release|Any CPU.ActiveCfg = Release|Any CPU
		{15A1BA29-1A8E-423F-874F-337F19F78269}.Release|Any CPU.Build.0 = Release|Any CPU
		{AA1AA135-D36E-48B0-89A8-82108BAD5FA3}.Debug|Any CPU.ActiveCfg = Debug|Any CPU
		{AA1AA135-D36E-48B0-89A8-82108BAD5FA3}.Debug|Any CPU.Build.0 = Debug|Any CPU
		{AA1AA135-D36E-48B0-89A8-82108BAD5FA3}.Release|Any CPU.ActiveCfg = Release|Any CPU
		{AA1AA135-D36E-48B0-89A8-82108BAD5FA3}.Release|Any CPU.Build.0 = Release|Any CPU
		{A7FC5772-6843-4FBF-9DC9-FDF6B03DE3B4}.Debug|Any CPU.ActiveCfg = Debug|Any CPU
		{A7FC5772-6843-4FBF-9DC9-FDF6B03DE3B4}.Release|Any CPU.ActiveCfg = Release|Any CPU
		{A7FC5772-6843-4FBF-9DC9-FDF6B03DE3B4}.Release|Any CPU.Build.0 = Release|Any CPU
		{EAD8340C-3FB9-43D0-B4A4-8A5CA29FC740}.Debug|Any CPU.ActiveCfg = Debug|Any CPU
		{EAD8340C-3FB9-43D0-B4A4-8A5CA29FC740}.Release|Any CPU.ActiveCfg = Release|Any CPU
		{EAD8340C-3FB9-43D0-B4A4-8A5CA29FC740}.Release|Any CPU.Build.0 = Release|Any CPU
		{48B728B8-DAFF-4BE7-9833-27DF0571118F}.Debug|Any CPU.ActiveCfg = Debug|Any CPU
		{48B728B8-DAFF-4BE7-9833-27DF0571118F}.Release|Any CPU.ActiveCfg = Release|Any CPU
		{48B728B8-DAFF-4BE7-9833-27DF0571118F}.Release|Any CPU.Build.0 = Release|Any CPU
		{24000734-D7DE-49C6-8A6E-C83BBB0B3EF3}.Debug|Any CPU.ActiveCfg = Debug|Any CPU
		{24000734-D7DE-49C6-8A6E-C83BBB0B3EF3}.Release|Any CPU.ActiveCfg = Release|Any CPU
		{24000734-D7DE-49C6-8A6E-C83BBB0B3EF3}.Release|Any CPU.Build.0 = Release|Any CPU
		{58C5C7D6-3EC7-4EAD-A508-659EA78261B4}.Debug|Any CPU.ActiveCfg = Debug|Any CPU
		{58C5C7D6-3EC7-4EAD-A508-659EA78261B4}.Release|Any CPU.ActiveCfg = Release|Any CPU
		{58C5C7D6-3EC7-4EAD-A508-659EA78261B4}.Release|Any CPU.Build.0 = Release|Any CPU
		{62F4F78E-CC04-4B4F-B21D-86D51251A066}.Debug|Any CPU.ActiveCfg = Debug|Any CPU
		{62F4F78E-CC04-4B4F-B21D-86D51251A066}.Debug|Any CPU.Build.0 = Debug|Any CPU
		{62F4F78E-CC04-4B4F-B21D-86D51251A066}.Release|Any CPU.ActiveCfg = Release|Any CPU
		{62F4F78E-CC04-4B4F-B21D-86D51251A066}.Release|Any CPU.Build.0 = Release|Any CPU
	EndGlobalSection
	GlobalSection(SolutionProperties) = preSolution
		HideSolutionNode = FALSE
	EndGlobalSection
	GlobalSection(NestedProjects) = preSolution
		{A7FC5772-6843-4FBF-9DC9-FDF6B03DE3B4} = {886277F5-40E4-4C81-BBFD-C63EC305AD8A}
		{EAD8340C-3FB9-43D0-B4A4-8A5CA29FC740} = {886277F5-40E4-4C81-BBFD-C63EC305AD8A}
		{48B728B8-DAFF-4BE7-9833-27DF0571118F} = {886277F5-40E4-4C81-BBFD-C63EC305AD8A}
		{24000734-D7DE-49C6-8A6E-C83BBB0B3EF3} = {886277F5-40E4-4C81-BBFD-C63EC305AD8A}
	EndGlobalSection
	GlobalSection(ExtensibilityGlobals) = postSolution
		SolutionGuid = {6A61C1FB-AB52-4A1A-8FD4-A65078B6E7B4}
	EndGlobalSection
EndGlobal
